{
    "requires": true,
    "lockfileVersion": 1,
    "dependencies": {
        "vue": {
            "version": "2.5.22",
            "resolved": "https://registry.npmjs.org/vue/-/vue-2.5.22.tgz",
            "integrity": "sha512-pxY3ZHlXNJMFQbkjEgGVMaMMkSV1ONpz+4qB55kZuJzyJOhn6MSy/YZdzhdnumegNzVTL/Dn3Pp4UrVBYt1j/g==",
            "dev": true
        },
        "vue-router": {
            "version": "3.0.2",
            "resolved": "https://registry.npmjs.org/vue-router/-/vue-router-3.0.2.tgz",
            "integrity": "sha512-opKtsxjp9eOcFWdp6xLQPLmRGgfM932Tl56U9chYTnoWqKxQ8M20N7AkdEbM5beUh6wICoFGYugAX9vQjyJLFg=="
        },
        "vuetify": {
            "version": "1.4.3",
            "resolved": "https://registry.npmjs.org/vuetify/-/vuetify-1.4.3.tgz",
            "integrity": "sha512-BRTETa3rQ016OOkL1Y28vOYPPJFU0TwSr9nwjT/M840bnk0A9znk1mGvdk1W+qb9IbtWJ9RUk2W1+7l9RcKa8A=="
        }
    }
}
